Microsoft Visual Studio Solution File, Format Version 12.00
# Visual Studio Version 17
VisualStudioVersion = 17.5.2.0
MinimumVisualStudioVersion = 10.0.40219.1
Project("{FAE04EC0-301F-11D3-BF4B-00C04F79EFBC}") = "Stock-management-system", "Stock-management-system.csproj", "{754CEFAB-8B1B-0CA4-03B4-D7E7D394D5CA}"
EndProject
Global
	GlobalSection(SolutionConfigurationPlatforms) = preSolution
		Debug|Any CPU = Debug|Any CPU
		Release|Any CPU = Release|Any CPU
	EndGlobalSection
	GlobalSection(ProjectConfigurationPlatforms) = postSolution
		{754CEFAB-8B1B-0CA4-03B4-D7E7D394D5CA}.Debug|Any CPU.ActiveCfg = Debug|Any CPU
		{754CEFAB-8B1B-0CA4-03B4-D7E7D394D5CA}.Debug|Any CPU.Build.0 = Debug|Any CPU
		{754CEFAB-8B1B-0CA4-03B4-D7E7D394D5CA}.Release|Any CPU.ActiveCfg = Release|Any CPU
		{754CEFAB-8B1B-0CA4-03B4-D7E7D394D5CA}.Release|Any CPU.Build.0 = Release|Any CPU
	EndGlobalSection
	GlobalSection(SolutionProperties) = preSolution
		HideSolutionNode = FALSE
	EndGlobalSection
	GlobalSection(ExtensibilityGlobals) = postSolution
		SolutionGuid = {BB1BE75B-3F57-4830-A2BA-57271EBAE2FE}
	EndGlobalSection
EndGlobal
